
Microsoft Visual Studio Solution File, Format Version 12.00
# Visual Studio Version 17
Project("{2150E333-8FDC-42A3-9474-1A3956D46DE8}") = "CMakePredefinedTargets", "CMakePredefinedTargets", "{1188B7B6-B9CC-39D6-9AC8-D8AED13C40D1}"
EndProject
Project("{8BC9CEB8-8B4A-11D0-8D11-00A0C91BC942}") = "ALL_BUILD", "ALL_BUILD.vcxproj", "{CD988456-7F6E-3C8C-81F7-13793CA5EB68}"
	ProjectSection(ProjectDependencies) = postProject
		{700F4798-87AC-38C7-8ACD-2C0EB4F94183} = {700F4798-87AC-38C7-8ACD-2C0EB4F94183}
		{CDC89E6F-C20B-34A2-956F-6DCB7DD92699} = {CDC89E6F-C20B-34A2-956F-6DCB7DD92699}
		{A5531D1C-DF07-3E79-BEB4-7EF0958884DD} = {A5531D1C-DF07-3E79-BEB4-7EF0958884DD}
		{A002F5BF-875A-3C57-838F-F7506C3E60BE} = {A002F5BF-875A-3C57-838F-F7506C3E60BE}
		{11F4DB1E-60A4-3910-9E52-B802180F730A} = {11F4DB1E-60A4-3910-9E52-B802180F730A}
		{30866C73-9AFA-3DA6-87FA-ABFBD59FC553} = {30866C73-9AFA-3DA6-87FA-ABFBD59FC553}
		{C28DB8AB-0BA5-359C-B429-318CB3F056C2} = {C28DB8AB-0BA5-359C-B429-318CB3F056C2}
		{4CD8E1AC-983F-3264-85D3-C60103130448} = {4CD8E1AC-983F-3264-85D3-C60103130448}
		{4340E5FB-9F17-35F0-B015-D12AD069587E} = {4340E5FB-9F17-35F0-B015-D12AD069587E}
		{FC908414-74C1-3681-98F2-61E3B53F8B48} = {FC908414-74C1-3681-98F2-61E3B53F8B48}
		{754D0C13-EFAB-3244-BD40-4B9BF5B6509C} = {754D0C13-EFAB-3244-BD40-4B9BF5B6509C}
		{79CE906E-97A1-39C3-B271-F8FCEC7C2E50} = {79CE906E-97A1-39C3-B271-F8FCEC7C2E50}
		{FA80BC6E-BBE9-3134-A1CD-F45FB693D245} = {FA80BC6E-BBE9-3134-A1CD-F45FB693D245}
		{C1134DCC-4B3B-383F-8813-543B2879D362} = {C1134DCC-4B3B-383F-8813-543B2879D362}
		{AEF16464-FC1A-3A35-8750-6DAB814DF83C} = {AEF16464-FC1A-3A35-8750-6DAB814DF83C}
	EndProjectSection
EndProject
Project("{8BC9CEB8-8B4A-11D0-8D11-00A0C91BC942}") = "INSTALL", "INSTALL.vcxproj", "{5FB3C7B7-B98F-38C4-9B9B-54CADAB046D8}"
	ProjectSection(ProjectDependencies) = postProject
		{CD988456-7F6E-3C8C-81F7-13793CA5EB68} = {CD988456-7F6E-3C8C-81F7-13793CA5EB68}
		{700F4798-87AC-38C7-8ACD-2C0EB4F94183} = {700F4798-87AC-38C7-8ACD-2C0EB4F94183}
	EndProjectSection
EndProject
Project("{8BC9CEB8-8B4A-11D0-8D11-00A0C91BC942}") = "RUN_TESTS", "RUN_TESTS.vcxproj", "{F9690F31-CC72-3398-9BE6-F1E4D09930F4}"
	ProjectSection(ProjectDependencies) = postProject
		{700F4798-87AC-38C7-8ACD-2C0EB4F94183} = {700F4798-87AC-38C7-8ACD-2C0EB4F94183}
	EndProjectSection
EndProject
Project("{8BC9CEB8-8B4A-11D0-8D11-00A0C91BC942}") = "ZERO_CHECK", "..\..\\ZERO_CHECK.vcxproj", "{700F4798-87AC-38C7-8ACD-2C0EB4F94183}"
	ProjectSection(ProjectDependencies) = postProject
	EndProjectSection
EndProject
Project("{8BC9CEB8-8B4A-11D0-8D11-00A0C91BC942}") = "libqhull", "libqhull.vcxproj", "{09BC1E13-A3A6-3EE5-B917-B1B1B9BDE524}"
	ProjectSection(ProjectDependencies) = postProject
		{700F4798-87AC-38C7-8ACD-2C0EB4F94183} = {700F4798-87AC-38C7-8ACD-2C0EB4F94183}
	EndProjectSection
EndProject
Project("{8BC9CEB8-8B4A-11D0-8D11-00A0C91BC942}") = "qconvex", "qconvex.vcxproj", "{CDC89E6F-C20B-34A2-956F-6DCB7DD92699}"
	ProjectSection(ProjectDependencies) = postProject
		{700F4798-87AC-38C7-8ACD-2C0EB4F94183} = {700F4798-87AC-38C7-8ACD-2C0EB4F94183}
		{C28DB8AB-0BA5-359C-B429-318CB3F056C2} = {C28DB8AB-0BA5-359C-B429-318CB3F056C2}
	EndProjectSection
EndProject
Project("{8BC9CEB8-8B4A-11D0-8D11-00A0C91BC942}") = "qdelaunay", "qdelaunay.vcxproj", "{A5531D1C-DF07-3E79-BEB4-7EF0958884DD}"
	ProjectSection(ProjectDependencies) = postProject
		{700F4798-87AC-38C7-8ACD-2C0EB4F94183} = {700F4798-87AC-38C7-8ACD-2C0EB4F94183}
		{C28DB8AB-0BA5-359C-B429-318CB3F056C2} = {C28DB8AB-0BA5-359C-B429-318CB3F056C2}
	EndProjectSection
EndProject
Project("{8BC9CEB8-8B4A-11D0-8D11-00A0C91BC942}") = "qhalf", "qhalf.vcxproj", "{A002F5BF-875A-3C57-838F-F7506C3E60BE}"
	ProjectSection(ProjectDependencies) = postProject
		{700F4798-87AC-38C7-8ACD-2C0EB4F94183} = {700F4798-87AC-38C7-8ACD-2C0EB4F94183}
		{C28DB8AB-0BA5-359C-B429-318CB3F056C2} = {C28DB8AB-0BA5-359C-B429-318CB3F056C2}
	EndProjectSection
EndProject
Project("{8BC9CEB8-8B4A-11D0-8D11-00A0C91BC942}") = "qhull", "qhull.vcxproj", "{11F4DB1E-60A4-3910-9E52-B802180F730A}"
	ProjectSection(ProjectDependencies) = postProject
		{700F4798-87AC-38C7-8ACD-2C0EB4F94183} = {700F4798-87AC-38C7-8ACD-2C0EB4F94183}
		{4CD8E1AC-983F-3264-85D3-C60103130448} = {4CD8E1AC-983F-3264-85D3-C60103130448}
	EndProjectSection
EndProject
Project("{8BC9CEB8-8B4A-11D0-8D11-00A0C91BC942}") = "qhull_p", "qhull_p.vcxproj", "{592F155E-4EC8-39BD-8299-16F60159568D}"
	ProjectSection(ProjectDependencies) = postProject
		{700F4798-87AC-38C7-8ACD-2C0EB4F94183} = {700F4798-87AC-38C7-8ACD-2C0EB4F94183}
	EndProjectSection
EndProject
Project("{8BC9CEB8-8B4A-11D0-8D11-00A0C91BC942}") = "qhull_r", "qhull_r.vcxproj", "{88DB5E38-46E3-3806-9717-032012385BF6}"
	ProjectSection(ProjectDependencies) = postProject
		{700F4798-87AC-38C7-8ACD-2C0EB4F94183} = {700F4798-87AC-38C7-8ACD-2C0EB4F94183}
	EndProjectSection
EndProject
Project("{8BC9CEB8-8B4A-11D0-8D11-00A0C91BC942}") = "qhullcpp", "qhullcpp.vcxproj", "{30866C73-9AFA-3DA6-87FA-ABFBD59FC553}"
	ProjectSection(ProjectDependencies) = postProject
		{700F4798-87AC-38C7-8ACD-2C0EB4F94183} = {700F4798-87AC-38C7-8ACD-2C0EB4F94183}
	EndProjectSection
EndProject
Project("{8BC9CEB8-8B4A-11D0-8D11-00A0C91BC942}") = "qhullp", "qhullp.vcxproj", "{63E181CC-9F31-33A6-A413-4799F6EB1E2F}"
	ProjectSection(ProjectDependencies) = postProject
		{700F4798-87AC-38C7-8ACD-2C0EB4F94183} = {700F4798-87AC-38C7-8ACD-2C0EB4F94183}
		{592F155E-4EC8-39BD-8299-16F60159568D} = {592F155E-4EC8-39BD-8299-16F60159568D}
	EndProjectSection
EndProject
Project("{8BC9CEB8-8B4A-11D0-8D11-00A0C91BC942}") = "qhullstatic", "qhullstatic.vcxproj", "{C28DB8AB-0BA5-359C-B429-318CB3F056C2}"
	ProjectSection(ProjectDependencies) = postProject
		{700F4798-87AC-38C7-8ACD-2C0EB4F94183} = {700F4798-87AC-38C7-8ACD-2C0EB4F94183}
	EndProjectSection
EndProject
Project("{8BC9CEB8-8B4A-11D0-8D11-00A0C91BC942}") = "qhullstatic_r", "qhullstatic_r.vcxproj", "{4CD8E1AC-983F-3264-85D3-C60103130448}"
	ProjectSection(ProjectDependencies) = postProject
		{700F4798-87AC-38C7-8ACD-2C0EB4F94183} = {700F4798-87AC-38C7-8ACD-2C0EB4F94183}
	EndProjectSection
EndProject
Project("{8BC9CEB8-8B4A-11D0-8D11-00A0C91BC942}") = "qvoronoi", "qvoronoi.vcxproj", "{4340E5FB-9F17-35F0-B015-D12AD069587E}"
	ProjectSection(ProjectDependencies) = postProject
		{700F4798-87AC-38C7-8ACD-2C0EB4F94183} = {700F4798-87AC-38C7-8ACD-2C0EB4F94183}
		{C28DB8AB-0BA5-359C-B429-318CB3F056C2} = {C28DB8AB-0BA5-359C-B429-318CB3F056C2}
	EndProjectSection
EndProject
Project("{8BC9CEB8-8B4A-11D0-8D11-00A0C91BC942}") = "rbox", "rbox.vcxproj", "{FC908414-74C1-3681-98F2-61E3B53F8B48}"
	ProjectSection(ProjectDependencies) = postProject
		{700F4798-87AC-38C7-8ACD-2C0EB4F94183} = {700F4798-87AC-38C7-8ACD-2C0EB4F94183}
		{C28DB8AB-0BA5-359C-B429-318CB3F056C2} = {C28DB8AB-0BA5-359C-B429-318CB3F056C2}
	EndProjectSection
EndProject
Project("{8BC9CEB8-8B4A-11D0-8D11-00A0C91BC942}") = "testqset", "testqset.vcxproj", "{754D0C13-EFAB-3244-BD40-4B9BF5B6509C}"
	ProjectSection(ProjectDependencies) = postProject
		{700F4798-87AC-38C7-8ACD-2C0EB4F94183} = {700F4798-87AC-38C7-8ACD-2C0EB4F94183}
	EndProjectSection
EndProject
Project("{8BC9CEB8-8B4A-11D0-8D11-00A0C91BC942}") = "testqset_r", "testqset_r.vcxproj", "{79CE906E-97A1-39C3-B271-F8FCEC7C2E50}"
	ProjectSection(ProjectDependencies) = postProject
		{700F4798-87AC-38C7-8ACD-2C0EB4F94183} = {700F4798-87AC-38C7-8ACD-2C0EB4F94183}
	EndProjectSection
EndProject
Project("{8BC9CEB8-8B4A-11D0-8D11-00A0C91BC942}") = "uninstall", "uninstall.vcxproj", "{DEF2E35A-9B4F-336A-B673-5AFE7945F42E}"
	ProjectSection(ProjectDependencies) = postProject
		{700F4798-87AC-38C7-8ACD-2C0EB4F94183} = {700F4798-87AC-38C7-8ACD-2C0EB4F94183}
	EndProjectSection
EndProject
Project("{8BC9CEB8-8B4A-11D0-8D11-00A0C91BC942}") = "user_eg", "user_eg.vcxproj", "{FA80BC6E-BBE9-3134-A1CD-F45FB693D245}"
	ProjectSection(ProjectDependencies) = postProject
		{700F4798-87AC-38C7-8ACD-2C0EB4F94183} = {700F4798-87AC-38C7-8ACD-2C0EB4F94183}
		{4CD8E1AC-983F-3264-85D3-C60103130448} = {4CD8E1AC-983F-3264-85D3-C60103130448}
	EndProjectSection
EndProject
Project("{8BC9CEB8-8B4A-11D0-8D11-00A0C91BC942}") = "user_eg2", "user_eg2.vcxproj", "{C1134DCC-4B3B-383F-8813-543B2879D362}"
	ProjectSection(ProjectDependencies) = postProject
		{700F4798-87AC-38C7-8ACD-2C0EB4F94183} = {700F4798-87AC-38C7-8ACD-2C0EB4F94183}
		{4CD8E1AC-983F-3264-85D3-C60103130448} = {4CD8E1AC-983F-3264-85D3-C60103130448}
	EndProjectSection
EndProject
Project("{8BC9CEB8-8B4A-11D0-8D11-00A0C91BC942}") = "user_eg3", "user_eg3.vcxproj", "{AEF16464-FC1A-3A35-8750-6DAB814DF83C}"
	ProjectSection(ProjectDependencies) = postProject
		{700F4798-87AC-38C7-8ACD-2C0EB4F94183} = {700F4798-87AC-38C7-8ACD-2C0EB4F94183}
		{30866C73-9AFA-3DA6-87FA-ABFBD59FC553} = {30866C73-9AFA-3DA6-87FA-ABFBD59FC553}
		{4CD8E1AC-983F-3264-85D3-C60103130448} = {4CD8E1AC-983F-3264-85D3-C60103130448}
	EndProjectSection
EndProject
Project("{8BC9CEB8-8B4A-11D0-8D11-00A0C91BC942}") = "user_egp", "user_egp.vcxproj", "{821C2710-B0AD-3122-B9A5-A6B67DA795E1}"
	ProjectSection(ProjectDependencies) = postProject
		{700F4798-87AC-38C7-8ACD-2C0EB4F94183} = {700F4798-87AC-38C7-8ACD-2C0EB4F94183}
		{592F155E-4EC8-39BD-8299-16F60159568D} = {592F155E-4EC8-39BD-8299-16F60159568D}
	EndProjectSection
EndProject
Global
	GlobalSection(SolutionConfigurationPlatforms) = preSolution
		Debug|x64 = Debug|x64
		Release|x64 = Release|x64
		MinSizeRel|x64 = MinSizeRel|x64
		RelWithDebInfo|x64 = RelWithDebInfo|x64
	EndGlobalSection
	GlobalSection(ProjectConfigurationPlatforms) = postSolution
		{CD988456-7F6E-3C8C-81F7-13793CA5EB68}.Debug|x64.ActiveCfg = Debug|x64
		{CD988456-7F6E-3C8C-81F7-13793CA5EB68}.Debug|x64.Build.0 = Debug|x64
		{CD988456-7F6E-3C8C-81F7-13793CA5EB68}.Release|x64.ActiveCfg = Release|x64
		{CD988456-7F6E-3C8C-81F7-13793CA5EB68}.Release|x64.Build.0 = Release|x64
		{CD988456-7F6E-3C8C-81F7-13793CA5EB68}.MinSizeRel|x64.ActiveCfg = MinSizeRel|x64
		{CD988456-7F6E-3C8C-81F7-13793CA5EB68}.MinSizeRel|x64.Build.0 = MinSizeRel|x64
		{CD988456-7F6E-3C8C-81F7-13793CA5EB68}.RelWithDebInfo|x64.ActiveCfg = RelWithDebInfo|x64
		{CD988456-7F6E-3C8C-81F7-13793CA5EB68}.RelWithDebInfo|x64.Build.0 = RelWithDebInfo|x64
		{5FB3C7B7-B98F-38C4-9B9B-54CADAB046D8}.Debug|x64.ActiveCfg = Debug|x64
		{5FB3C7B7-B98F-38C4-9B9B-54CADAB046D8}.Release|x64.ActiveCfg = Release|x64
		{5FB3C7B7-B98F-38C4-9B9B-54CADAB046D8}.MinSizeRel|x64.ActiveCfg = MinSizeRel|x64
		{5FB3C7B7-B98F-38C4-9B9B-54CADAB046D8}.RelWithDebInfo|x64.ActiveCfg = RelWithDebInfo|x64
		{F9690F31-CC72-3398-9BE6-F1E4D09930F4}.Debug|x64.ActiveCfg = Debug|x64
		{F9690F31-CC72-3398-9BE6-F1E4D09930F4}.Release|x64.ActiveCfg = Release|x64
		{F9690F31-CC72-3398-9BE6-F1E4D09930F4}.MinSizeRel|x64.ActiveCfg = MinSizeRel|x64
		{F9690F31-CC72-3398-9BE6-F1E4D09930F4}.RelWithDebInfo|x64.ActiveCfg = RelWithDebInfo|x64
		{700F4798-87AC-38C7-8ACD-2C0EB4F94183}.Debug|x64.ActiveCfg = Debug|x64
		{700F4798-87AC-38C7-8ACD-2C0EB4F94183}.Debug|x64.Build.0 = Debug|x64
		{700F4798-87AC-38C7-8ACD-2C0EB4F94183}.Release|x64.ActiveCfg = Release|x64
		{700F4798-87AC-38C7-8ACD-2C0EB4F94183}.Release|x64.Build.0 = Release|x64
		{700F4798-87AC-38C7-8ACD-2C0EB4F94183}.MinSizeRel|x64.ActiveCfg = MinSizeRel|x64
		{700F4798-87AC-38C7-8ACD-2C0EB4F94183}.MinSizeRel|x64.Build.0 = MinSizeRel|x64
		{700F4798-87AC-38C7-8ACD-2C0EB4F94183}.RelWithDebInfo|x64.ActiveCfg = RelWithDebInfo|x64
		{700F4798-87AC-38C7-8ACD-2C0EB4F94183}.RelWithDebInfo|x64.Build.0 = RelWithDebInfo|x64
		{09BC1E13-A3A6-3EE5-B917-B1B1B9BDE524}.Debug|x64.ActiveCfg = Debug|x64
		{09BC1E13-A3A6-3EE5-B917-B1B1B9BDE524}.Debug|x64.Build.0 = Debug|x64
		{09BC1E13-A3A6-3EE5-B917-B1B1B9BDE524}.Release|x64.ActiveCfg = Release|x64
		{09BC1E13-A3A6-3EE5-B917-B1B1B9BDE524}.Release|x64.Build.0 = Release|x64
		{09BC1E13-A3A6-3EE5-B917-B1B1B9BDE524}.MinSizeRel|x64.ActiveCfg = MinSizeRel|x64
		{09BC1E13-A3A6-3EE5-B917-B1B1B9BDE524}.MinSizeRel|x64.Build.0 = MinSizeRel|x64
		{09BC1E13-A3A6-3EE5-B917-B1B1B9BDE524}.RelWithDebInfo|x64.ActiveCfg = RelWithDebInfo|x64
		{09BC1E13-A3A6-3EE5-B917-B1B1B9BDE524}.RelWithDebInfo|x64.Build.0 = RelWithDebInfo|x64
		{CDC89E6F-C20B-34A2-956F-6DCB7DD92699}.Debug|x64.ActiveCfg = Debug|x64
		{CDC89E6F-C20B-34A2-956F-6DCB7DD92699}.Debug|x64.Build.0 = Debug|x64
		{CDC89E6F-C20B-34A2-956F-6DCB7DD92699}.Release|x64.ActiveCfg = Release|x64
		{CDC89E6F-C20B-34A2-956F-6DCB7DD92699}.Release|x64.Build.0 = Release|x64
		{CDC89E6F-C20B-34A2-956F-6DCB7DD92699}.MinSizeRel|x64.ActiveCfg = MinSizeRel|x64
		{CDC89E6F-C20B-34A2-956F-6DCB7DD92699}.MinSizeRel|x64.Build.0 = MinSizeRel|x64
		{CDC89E6F-C20B-34A2-956F-6DCB7DD92699}.RelWithDebInfo|x64.ActiveCfg = RelWithDebInfo|x64
		{CDC89E6F-C20B-34A2-956F-6DCB7DD92699}.RelWithDebInfo|x64.Build.0 = RelWithDebInfo|x64
		{A5531D1C-DF07-3E79-BEB4-7EF0958884DD}.Debug|x64.ActiveCfg = Debug|x64
		{A5531D1C-DF07-3E79-BEB4-7EF0958884DD}.Debug|x64.Build.0 = Debug|x64
		{A5531D1C-DF07-3E79-BEB4-7EF0958884DD}.Release|x64.ActiveCfg = Release|x64
		{A5531D1C-DF07-3E79-BEB4-7EF0958884DD}.Release|x64.Build.0 = Release|x64
		{A5531D1C-DF07-3E79-BEB4-7EF0958884DD}.MinSizeRel|x64.ActiveCfg = MinSizeRel|x64
		{A5531D1C-DF07-3E79-BEB4-7EF0958884DD}.MinSizeRel|x64.Build.0 = MinSizeRel|x64
		{A5531D1C-DF07-3E79-BEB4-7EF0958884DD}.RelWithDebInfo|x64.ActiveCfg = RelWithDebInfo|x64
		{A5531D1C-DF07-3E79-BEB4-7EF0958884DD}.RelWithDebInfo|x64.Build.0 = RelWithDebInfo|x64
		{A002F5BF-875A-3C57-838F-F7506C3E60BE}.Debug|x64.ActiveCfg = Debug|x64
		{A002F5BF-875A-3C57-838F-F7506C3E60BE}.Debug|x64.Build.0 = Debug|x64
		{A002F5BF-875A-3C57-838F-F7506C3E60BE}.Release|x64.ActiveCfg = Release|x64
		{A002F5BF-875A-3C57-838F-F7506C3E60BE}.Release|x64.Build.0 = Release|x64
		{A002F5BF-875A-3C57-838F-F7506C3E60BE}.MinSizeRel|x64.ActiveCfg = MinSizeRel|x64
		{A002F5BF-875A-3C57-838F-F7506C3E60BE}.MinSizeRel|x64.Build.0 = MinSizeRel|x64
		{A002F5BF-875A-3C57-838F-F7506C3E60BE}.RelWithDebInfo|x64.ActiveCfg = RelWithDebInfo|x64
		{A002F5BF-875A-3C57-838F-F7506C3E60BE}.RelWithDebInfo|x64.Build.0 = RelWithDebInfo|x64
		{11F4DB1E-60A4-3910-9E52-B802180F730A}.Debug|x64.ActiveCfg = Debug|x64
		{11F4DB1E-60A4-3910-9E52-B802180F730A}.Debug|x64.Build.0 = Debug|x64
		{11F4DB1E-60A4-3910-9E52-B802180F730A}.Release|x64.ActiveCfg = Release|x64
		{11F4DB1E-60A4-3910-9E52-B802180F730A}.Release|x64.Build.0 = Release|x64
		{11F4DB1E-60A4-3910-9E52-B802180F730A}.MinSizeRel|x64.ActiveCfg = MinSizeRel|x64
		{11F4DB1E-60A4-3910-9E52-B802180F730A}.MinSizeRel|x64.Build.0 = MinSizeRel|x64
		{11F4DB1E-60A4-3910-9E52-B802180F730A}.RelWithDebInfo|x64.ActiveCfg = RelWithDebInfo|x64
		{11F4DB1E-60A4-3910-9E52-B802180F730A}.RelWithDebInfo|x64.Build.0 = RelWithDebInfo|x64
		{592F155E-4EC8-39BD-8299-16F60159568D}.Debug|x64.ActiveCfg = Debug|x64
		{592F155E-4EC8-39BD-8299-16F60159568D}.Debug|x64.Build.0 = Debug|x64
		{592F155E-4EC8-39BD-8299-16F60159568D}.Release|x64.ActiveCfg = Release|x64
		{592F155E-4EC8-39BD-8299-16F60159568D}.Release|x64.Build.0 = Release|x64
		{592F155E-4EC8-39BD-8299-16F60159568D}.MinSizeRel|x64.ActiveCfg = MinSizeRel|x64
		{592F155E-4EC8-39BD-8299-16F60159568D}.MinSizeRel|x64.Build.0 = MinSizeRel|x64
		{592F155E-4EC8-39BD-8299-16F60159568D}.RelWithDebInfo|x64.ActiveCfg = RelWithDebInfo|x64
		{592F155E-4EC8-39BD-8299-16F60159568D}.RelWithDebInfo|x64.Build.0 = RelWithDebInfo|x64
		{88DB5E38-46E3-3806-9717-032012385BF6}.Debug|x64.ActiveCfg = Debug|x64
		{88DB5E38-46E3-3806-9717-032012385BF6}.Debug|x64.Build.0 = Debug|x64
		{88DB5E38-46E3-3806-9717-032012385BF6}.Release|x64.ActiveCfg = Release|x64
		{88DB5E38-46E3-3806-9717-032012385BF6}.Release|x64.Build.0 = Release|x64
		{88DB5E38-46E3-3806-9717-032012385BF6}.MinSizeRel|x64.ActiveCfg = MinSizeRel|x64
		{88DB5E38-46E3-3806-9717-032012385BF6}.MinSizeRel|x64.Build.0 = MinSizeRel|x64
		{88DB5E38-46E3-3806-9717-032012385BF6}.RelWithDebInfo|x64.ActiveCfg = RelWithDebInfo|x64
		{88DB5E38-46E3-3806-9717-032012385BF6}.RelWithDebInfo|x64.Build.0 = RelWithDebInfo|x64
		{30866C73-9AFA-3DA6-87FA-ABFBD59FC553}.Debug|x64.ActiveCfg = Debug|x64
		{30866C73-9AFA-3DA6-87FA-ABFBD59FC553}.Debug|x64.Build.0 = Debug|x64
		{30866C73-9AFA-3DA6-87FA-ABFBD59FC553}.Release|x64.ActiveCfg = Release|x64
		{30866C73-9AFA-3DA6-87FA-ABFBD59FC553}.Release|x64.Build.0 = Release|x64
		{30866C73-9AFA-3DA6-87FA-ABFBD59FC553}.MinSizeRel|x64.ActiveCfg = MinSizeRel|x64
		{30866C73-9AFA-3DA6-87FA-ABFBD59FC553}.MinSizeRel|x64.Build.0 = MinSizeRel|x64
		{30866C73-9AFA-3DA6-87FA-ABFBD59FC553}.RelWithDebInfo|x64.ActiveCfg = RelWithDebInfo|x64
		{30866C73-9AFA-3DA6-87FA-ABFBD59FC553}.RelWithDebInfo|x64.Build.0 = RelWithDebInfo|x64
		{63E181CC-9F31-33A6-A413-4799F6EB1E2F}.Debug|x64.ActiveCfg = Debug|x64
		{63E181CC-9F31-33A6-A413-4799F6EB1E2F}.Debug|x64.Build.0 = Debug|x64
		{63E181CC-9F31-33A6-A413-4799F6EB1E2F}.Release|x64.ActiveCfg = Release|x64
		{63E181CC-9F31-33A6-A413-4799F6EB1E2F}.Release|x64.Build.0 = Release|x64
		{63E181CC-9F31-33A6-A413-4799F6EB1E2F}.MinSizeRel|x64.ActiveCfg = MinSizeRel|x64
		{63E181CC-9F31-33A6-A413-4799F6EB1E2F}.MinSizeRel|x64.Build.0 = MinSizeRel|x64
		{63E181CC-9F31-33A6-A413-4799F6EB1E2F}.RelWithDebInfo|x64.ActiveCfg = RelWithDebInfo|x64
		{63E181CC-9F31-33A6-A413-4799F6EB1E2F}.RelWithDebInfo|x64.Build.0 = RelWithDebInfo|x64
		{C28DB8AB-0BA5-359C-B429-318CB3F056C2}.Debug|x64.ActiveCfg = Debug|x64
		{C28DB8AB-0BA5-359C-B429-318CB3F056C2}.Debug|x64.Build.0 = Debug|x64
		{C28DB8AB-0BA5-359C-B429-318CB3F056C2}.Release|x64.ActiveCfg = Release|x64
		{C28DB8AB-0BA5-359C-B429-318CB3F056C2}.Release|x64.Build.0 = Release|x64
		{C28DB8AB-0BA5-359C-B429-318CB3F056C2}.MinSizeRel|x64.ActiveCfg = MinSizeRel|x64
		{C28DB8AB-0BA5-359C-B429-318CB3F056C2}.MinSizeRel|x64.Build.0 = MinSizeRel|x64
		{C28DB8AB-0BA5-359C-B429-318CB3F056C2}.RelWithDebInfo|x64.ActiveCfg = RelWithDebInfo|x64
		{C28DB8AB-0BA5-359C-B429-318CB3F056C2}.RelWithDebInfo|x64.Build.0 = RelWithDebInfo|x64
		{4CD8E1AC-983F-3264-85D3-C60103130448}.Debug|x64.ActiveCfg = Debug|x64
		{4CD8E1AC-983F-3264-85D3-C60103130448}.Debug|x64.Build.0 = Debug|x64
		{4CD8E1AC-983F-3264-85D3-C60103130448}.Release|x64.ActiveCfg = Release|x64
		{4CD8E1AC-983F-3264-85D3-C60103130448}.Release|x64.Build.0 = Release|x64
		{4CD8E1AC-983F-3264-85D3-C60103130448}.MinSizeRel|x64.ActiveCfg = MinSizeRel|x64
		{4CD8E1AC-983F-3264-85D3-C60103130448}.MinSizeRel|x64.Build.0 = MinSizeRel|x64
		{4CD8E1AC-983F-3264-85D3-C60103130448}.RelWithDebInfo|x64.ActiveCfg = RelWithDebInfo|x64
		{4CD8E1AC-983F-3264-85D3-C60103130448}.RelWithDebInfo|x64.Build.0 = RelWithDebInfo|x64
		{4340E5FB-9F17-35F0-B015-D12AD069587E}.Debug|x64.ActiveCfg = Debug|x64
		{4340E5FB-9F17-35F0-B015-D12AD069587E}.Debug|x64.Build.0 = Debug|x64
		{4340E5FB-9F17-35F0-B015-D12AD069587E}.Release|x64.ActiveCfg = Release|x64
		{4340E5FB-9F17-35F0-B015-D12AD069587E}.Release|x64.Build.0 = Release|x64
		{4340E5FB-9F17-35F0-B015-D12AD069587E}.MinSizeRel|x64.ActiveCfg = MinSizeRel|x64
		{4340E5FB-9F17-35F0-B015-D12AD069587E}.MinSizeRel|x64.Build.0 = MinSizeRel|x64
		{4340E5FB-9F17-35F0-B015-D12AD069587E}.RelWithDebInfo|x64.ActiveCfg = RelWithDebInfo|x64
		{4340E5FB-9F17-35F0-B015-D12AD069587E}.RelWithDebInfo|x64.Build.0 = RelWithDebInfo|x64
		{FC908414-74C1-3681-98F2-61E3B53F8B48}.Debug|x64.ActiveCfg = Debug|x64
		{FC908414-74C1-3681-98F2-61E3B53F8B48}.Debug|x64.Build.0 = Debug|x64
		{FC908414-74C1-3681-98F2-61E3B53F8B48}.Release|x64.ActiveCfg = Release|x64
		{FC908414-74C1-3681-98F2-61E3B53F8B48}.Release|x64.Build.0 = Release|x64
		{FC908414-74C1-3681-98F2-61E3B53F8B48}.MinSizeRel|x64.ActiveCfg = MinSizeRel|x64
		{FC908414-74C1-3681-98F2-61E3B53F8B48}.MinSizeRel|x64.Build.0 = MinSizeRel|x64
		{FC908414-74C1-3681-98F2-61E3B53F8B48}.RelWithDebInfo|x64.ActiveCfg = RelWithDebInfo|x64
		{FC908414-74C1-3681-98F2-61E3B53F8B48}.RelWithDebInfo|x64.Build.0 = RelWithDebInfo|x64
		{754D0C13-EFAB-3244-BD40-4B9BF5B6509C}.Debug|x64.ActiveCfg = Debug|x64
		{754D0C13-EFAB-3244-BD40-4B9BF5B6509C}.Debug|x64.Build.0 = Debug|x64
		{754D0C13-EFAB-3244-BD40-4B9BF5B6509C}.Release|x64.ActiveCfg = Release|x64
		{754D0C13-EFAB-3244-BD40-4B9BF5B6509C}.Release|x64.Build.0 = Release|x64
		{754D0C13-EFAB-3244-BD40-4B9BF5B6509C}.MinSizeRel|x64.ActiveCfg = MinSizeRel|x64
		{754D0C13-EFAB-3244-BD40-4B9BF5B6509C}.MinSizeRel|x64.Build.0 = MinSizeRel|x64
		{754D0C13-EFAB-3244-BD40-4B9BF5B6509C}.RelWithDebInfo|x64.ActiveCfg = RelWithDebInfo|x64
		{754D0C13-EFAB-3244-BD40-4B9BF5B6509C}.RelWithDebInfo|x64.Build.0 = RelWithDebInfo|x64
		{79CE906E-97A1-39C3-B271-F8FCEC7C2E50}.Debug|x64.ActiveCfg = Debug|x64
		{79CE906E-97A1-39C3-B271-F8FCEC7C2E50}.Debug|x64.Build.0 = Debug|x64
		{79CE906E-97A1-39C3-B271-F8FCEC7C2E50}.Release|x64.ActiveCfg = Release|x64
		{79CE906E-97A1-39C3-B271-F8FCEC7C2E50}.Release|x64.Build.0 = Release|x64
		{79CE906E-97A1-39C3-B271-F8FCEC7C2E50}.MinSizeRel|x64.ActiveCfg = MinSizeRel|x64
		{79CE906E-97A1-39C3-B271-F8FCEC7C2E50}.MinSizeRel|x64.Build.0 = MinSizeRel|x64
		{79CE906E-97A1-39C3-B271-F8FCEC7C2E50}.RelWithDebInfo|x64.ActiveCfg = RelWithDebInfo|x64
		{79CE906E-97A1-39C3-B271-F8FCEC7C2E50}.RelWithDebInfo|x64.Build.0 = RelWithDebInfo|x64
		{DEF2E35A-9B4F-336A-B673-5AFE7945F42E}.Debug|x64.ActiveCfg = Debug|x64
		{DEF2E35A-9B4F-336A-B673-5AFE7945F42E}.Release|x64.ActiveCfg = Release|x64
		{DEF2E35A-9B4F-336A-B673-5AFE7945F42E}.MinSizeRel|x64.ActiveCfg = MinSizeRel|x64
		{DEF2E35A-9B4F-336A-B673-5AFE7945F42E}.RelWithDebInfo|x64.ActiveCfg = RelWithDebInfo|x64
		{FA80BC6E-BBE9-3134-A1CD-F45FB693D245}.Debug|x64.ActiveCfg = Debug|x64
		{FA80BC6E-BBE9-3134-A1CD-F45FB693D245}.Debug|x64.Build.0 = Debug|x64
		{FA80BC6E-BBE9-3134-A1CD-F45FB693D245}.Release|x64.ActiveCfg = Release|x64
		{FA80BC6E-BBE9-3134-A1CD-F45FB693D245}.Release|x64.Build.0 = Release|x64
		{FA80BC6E-BBE9-3134-A1CD-F45FB693D245}.MinSizeRel|x64.ActiveCfg = MinSizeRel|x64
		{FA80BC6E-BBE9-3134-A1CD-F45FB693D245}.MinSizeRel|x64.Build.0 = MinSizeRel|x64
		{FA80BC6E-BBE9-3134-A1CD-F45FB693D245}.RelWithDebInfo|x64.ActiveCfg = RelWithDebInfo|x64
		{FA80BC6E-BBE9-3134-A1CD-F45FB693D245}.RelWithDebInfo|x64.Build.0 = RelWithDebInfo|x64
		{C1134DCC-4B3B-383F-8813-543B2879D362}.Debug|x64.ActiveCfg = Debug|x64
		{C1134DCC-4B3B-383F-8813-543B2879D362}.Debug|x64.Build.0 = Debug|x64
		{C1134DCC-4B3B-383F-8813-543B2879D362}.Release|x64.ActiveCfg = Release|x64
		{C1134DCC-4B3B-383F-8813-543B2879D362}.Release|x64.Build.0 = Release|x64
		{C1134DCC-4B3B-383F-8813-543B2879D362}.MinSizeRel|x64.ActiveCfg = MinSizeRel|x64
		{C1134DCC-4B3B-383F-8813-543B2879D362}.MinSizeRel|x64.Build.0 = MinSizeRel|x64
		{C1134DCC-4B3B-383F-8813-543B2879D362}.RelWithDebInfo|x64.ActiveCfg = RelWithDebInfo|x64
		{C1134DCC-4B3B-383F-8813-543B2879D362}.RelWithDebInfo|x64.Build.0 = RelWithDebInfo|x64
		{AEF16464-FC1A-3A35-8750-6DAB814DF83C}.Debug|x64.ActiveCfg = Debug|x64
		{AEF16464-FC1A-3A35-8750-6DAB814DF83C}.Debug|x64.Build.0 = Debug|x64
		{AEF16464-FC1A-3A35-8750-6DAB814DF83C}.Release|x64.ActiveCfg = Release|x64
		{AEF16464-FC1A-3A35-8750-6DAB814DF83C}.Release|x64.Build.0 = Release|x64
		{AEF16464-FC1A-3A35-8750-6DAB814DF83C}.MinSizeRel|x64.ActiveCfg = MinSizeRel|x64
		{AEF16464-FC1A-3A35-8750-6DAB814DF83C}.MinSizeRel|x64.Build.0 = MinSizeRel|x64
		{AEF16464-FC1A-3A35-8750-6DAB814DF83C}.RelWithDebInfo|x64.ActiveCfg = RelWithDebInfo|x64
		{AEF16464-FC1A-3A35-8750-6DAB814DF83C}.RelWithDebInfo|x64.Build.0 = RelWithDebInfo|x64
		{821C2710-B0AD-3122-B9A5-A6B67DA795E1}.Debug|x64.ActiveCfg = Debug|x64
		{821C2710-B0AD-3122-B9A5-A6B67DA795E1}.Debug|x64.Build.0 = Debug|x64
		{821C2710-B0AD-3122-B9A5-A6B67DA795E1}.Release|x64.ActiveCfg = Release|x64
		{821C2710-B0AD-3122-B9A5-A6B67DA795E1}.Release|x64.Build.0 = Release|x64
		{821C2710-B0AD-3122-B9A5-A6B67DA795E1}.MinSizeRel|x64.ActiveCfg = MinSizeRel|x64
		{821C2710-B0AD-3122-B9A5-A6B67DA795E1}.MinSizeRel|x64.Build.0 = MinSizeRel|x64
		{821C2710-B0AD-3122-B9A5-A6B67DA795E1}.RelWithDebInfo|x64.ActiveCfg = RelWithDebInfo|x64
		{821C2710-B0AD-3122-B9A5-A6B67DA795E1}.RelWithDebInfo|x64.Build.0 = RelWithDebInfo|x64
	EndGlobalSection
	GlobalSection(NestedProjects) = preSolution
		{CD988456-7F6E-3C8C-81F7-13793CA5EB68} = {1188B7B6-B9CC-39D6-9AC8-D8AED13C40D1}
		{5FB3C7B7-B98F-38C4-9B9B-54CADAB046D8} = {1188B7B6-B9CC-39D6-9AC8-D8AED13C40D1}
		{F9690F31-CC72-3398-9BE6-F1E4D09930F4} = {1188B7B6-B9CC-39D6-9AC8-D8AED13C40D1}
		{700F4798-87AC-38C7-8ACD-2C0EB4F94183} = {1188B7B6-B9CC-39D6-9AC8-D8AED13C40D1}
	EndGlobalSection
	GlobalSection(ExtensibilityGlobals) = postSolution
		SolutionGuid = {9EB0CB3F-BD8E-385F-B790-436385E01691}
	EndGlobalSection
	GlobalSection(ExtensibilityAddIns) = postSolution
	EndGlobalSection
EndGlobal
